// !$*UTF8*$!
{
	archiveVersion = 1;
	classes = {
	};
	objectVersion = 46;
	objects = {

/* Begin PBXBuildFile section */
		2BF923C61D8C39F6007DF5D9 /* AppDelegate.swift in Sources */ = {isa = PBXBuildFile; fileRef = 2BF923C51D8C39F6007DF5D9 /* AppDelegate.swift */; };
		2BF923C81D8C39F6007DF5D9 /* FirstViewController.swift in Sources */ = {isa = PBXBuildFile; fileRef = 2BF923C71D8C39F6007DF5D9 /* FirstViewController.swift */; };
		2BF923CA1D8C39F6007DF5D9 /* SecondViewController.swift in Sources */ = {isa = PBXBuildFile; fileRef = 2BF923C91D8C39F6007DF5D9 /* SecondViewController.swift */; };
		2BF923CD1D8C39F6007DF5D9 /* Main.storyboard in Resources */ = {isa = PBXBuildFile; fileRef = 2BF923CB1D8C39F6007DF5D9 /* Main.storyboard */; };
		2BF923CF1D8C39F6007DF5D9 /* Assets.xcassets in Resources */ = {isa = PBXBuildFile; fileRef = 2BF923CE1D8C39F6007DF5D9 /* Assets.xcassets */; };
		2BF923D21D8C39F6007DF5D9 /* LaunchScreen.storyboard in Resources */ = {isa = PBXBuildFile; fileRef = 2BF923D01D8C39F6007DF5D9 /* LaunchScreen.storyboard */; };
		2BF923DD1D8C39F6007DF5D9 /* iWocTests.swift in Sources */ = {isa = PBXBuildFile; fileRef = 2BF923DC1D8C39F6007DF5D9 /* iWocTests.swift */; };
		2BF923E81D8C39F6007DF5D9 /* iWocUITests.swift in Sources */ = {isa = PBXBuildFile; fileRef = 2BF923E71D8C39F6007DF5D9 /* iWocUITests.swift */; };
/* End PBXBuildFile section */

/* Begin PBXContainerItemProxy section */
		2BF923D91D8C39F6007DF5D9 /* PBXContainerItemProxy */ = {
			isa = PBXContainerItemProxy;
			containerPortal = 2BF923BA1D8C39F6007DF5D9 /* Project object */;
			proxyType = 1;
			remoteGlobalIDString = 2BF923C11D8C39F6007DF5D9;
			remoteInfo = iWoc;
		};
		2BF923E41D8C39F6007DF5D9 /* PBXContainerItemProxy */ = {
			isa = PBXContainerItemProxy;
			containerPortal = 2BF923BA1D8C39F6007DF5D9 /* Project object */;
			proxyType = 1;
			remoteGlobalIDString = 2BF923C11D8C39F6007DF5D9;
			remoteInfo = iWoc;
		};
/* End PBXContainerItemProxy section */

/* Begin PBXFileReference section */
		2BF923C21D8C39F6007DF5D9 /* iWoc.app */ = {isa = PBXFileReference; explicitFileType = wrapper.application; includeInIndex = 0; path = iWoc.app; sourceTree = BUILT_PRODUCTS_DIR; };
		2BF923C51D8C39F6007DF5D9 /* AppDelegate.swift */ = {isa = PBXFileReference; lastKnownFileType = sourcecode.swift; path = AppDelegate.swift; sourceTree = "<group>"; };
		2BF923C71D8C39F6007DF5D9 /* FirstViewController.swift */ = {isa = PBXFileReference; lastKnownFileType = sourcecode.swift; path = FirstViewController.swift; sourceTree = "<group>"; };
		2BF923C91D8C39F6007DF5D9 /* SecondViewController.swift */ = {isa = PBXFileReference; lastKnownFileType = sourcecode.swift; path = SecondViewController.swift; sourceTree = "<group>"; };
		2BF923CC1D8C39F6007DF5D9 /* Base */ = {isa = PBXFileReference; lastKnownFileType = file.storyboard; name = Base; path = Base.lproj/Main.storyboard; sourceTree = "<group>"; };
		2BF923CE1D8C39F6007DF5D9 /* Assets.xcassets */ = {isa = PBXFileReference; lastKnownFileType = folder.assetcatalog; path = Assets.xcassets; sourceTree = "<group>"; };
		2BF923D11D8C39F6007DF5D9 /* Base */ = {isa = PBXFileReference; lastKnownFileType = file.storyboard; name = Base; path = Base.lproj/LaunchScreen.storyboard; sourceTree = "<group>"; };
		2BF923D31D8C39F6007DF5D9 /* Info.plist */ = {isa = PBXFileReference; lastKnownFileType = text.plist.xml; path = Info.plist; sourceTree = "<group>"; };
		2BF923D81D8C39F6007DF5D9 /* iWocTests.xctest */ = {isa = PBXFileReference; explicitFileType = wrapper.cfbundle; includeInIndex = 0; path = iWocTests.xctest; sourceTree = BUILT_PRODUCTS_DIR; };
		2BF923DC1D8C39F6007DF5D9 /* iWocTests.swift */ = {isa = PBXFileReference; lastKnownFileType = sourcecode.swift; path = iWocTests.swift; sourceTree = "<group>"; };
		2BF923DE1D8C39F6007DF5D9 /* Info.plist */ = {isa = PBXFileReference; lastKnownFileType = text.plist.xml; path = Info.plist; sourceTree = "<group>"; };
		2BF923E31D8C39F6007DF5D9 /* iWocUITests.xctest */ = {isa = PBXFileReference; explicitFileType = wrapper.cfbundle; includeInIndex = 0; path = iWocUITests.xctest; sourceTree = BUILT_PRODUCTS_DIR; };
		2BF923E71D8C39F6007DF5D9 /* iWocUITests.swift */ = {isa = PBXFileReference; lastKnownFileType = sourcecode.swift; path = iWocUITests.swift; sourceTree = "<group>"; };
		2BF923E91D8C39F6007DF5D9 /* Info.plist */ = {isa = PBXFileReference; lastKnownFileType = text.plist.xml; path = Info.plist; sourceTree = "<group>"; };
/* End PBXFileReference section */

/* Begin PBXFrameworksBuildPhase section */
		2BF923BF1D8C39F6007DF5D9 /* Frameworks */ = {
			isa = PBXFrameworksBuildPhase;
			buildActionMask = 2147483647;
			files = (
			);
			runOnlyForDeploymentPostprocessing = 0;
		};
		2BF923D51D8C39F6007DF5D9 /* Frameworks */ = {
			isa = PBXFrameworksBuildPhase;
			buildActionMask = 2147483647;
			files = (
			);
			runOnlyForDeploymentPostprocessing = 0;
		};
		2BF923E01D8C39F6007DF5D9 /* Frameworks */ = {
			isa = PBXFrameworksBuildPhase;
			buildActionMask = 2147483647;
			files = (
			);
			runOnlyForDeploymentPostprocessing = 0;
		};
/* End PBXFrameworksBuildPhase section */

/* Begin PBXGroup section */
		2BF923B91D8C39F6007DF5D9 = {
			isa = PBXGroup;
			children = (
				2BF923C41D8C39F6007DF5D9 /* iWoc */,
				2BF923DB1D8C39F6007DF5D9 /* iWocTests */,
				2BF923E61D8C39F6007DF5D9 /* iWocUITests */,
				2BF923C31D8C39F6007DF5D9 /* Products */,
			);
			sourceTree = "<group>";
		};
		2BF923C31D8C39F6007DF5D9 /* Products */ = {
			isa = PBXGroup;
			children = (
				2BF923C21D8C39F6007DF5D9 /* iWoc.app */,
				2BF923D81D8C39F6007DF5D9 /* iWocTests.xctest */,
				2BF923E31D8C39F6007DF5D9 /* iWocUITests.xctest */,
			);
			name = Products;
			sourceTree = "<group>";
		};
		2BF923C41D8C39F6007DF5D9 /* iWoc */ = {
			isa = PBXGroup;
			children = (
				2BF923C51D8C39F6007DF5D9 /* AppDelegate.swift */,
				2BF923C71D8C39F6007DF5D9 /* FirstViewController.swift */,
				2BF923C91D8C39F6007DF5D9 /* SecondViewController.swift */,
				2BF923CB1D8C39F6007DF5D9 /* Main.storyboard */,
				2BF923CE1D8C39F6007DF5D9 /* Assets.xcassets */,
				2BF923D01D8C39F6007DF5D9 /* LaunchScreen.storyboard */,
				2BF923D31D8C39F6007DF5D9 /* Info.plist */,
			);
			path = iWoc;
			sourceTree = "<group>";
		};
		2BF923DB1D8C39F6007DF5D9 /* iWocTests */ = {
			isa = PBXGroup;
			children = (
				2BF923DC1D8C39F6007DF5D9 /* iWocTests.swift */,
				2BF923DE1D8C39F6007DF5D9 /* Info.plist */,
			);
			path = iWocTests;
			sourceTree = "<group>";
		};
		2BF923E61D8C39F6007DF5D9 /* iWocUITests */ = {
			isa = PBXGroup;
			children = (
				2BF923E71D8C39F6007DF5D9 /* iWocUITests.swift */,
				2BF923E91D8C39F6007DF5D9 /* Info.plist */,
			);
			path = iWocUITests;
			sourceTree = "<group>";
		};
/* End PBXGroup section */

/* Begin PBXNativeTarget section */
		2BF923C11D8C39F6007DF5D9 /* iWoc */ = {
			isa = PBXNativeTarget;
			buildConfigurationList = 2BF923EC1D8C39F6007DF5D9 /* Build configuration list for PBXNativeTarget "iWoc" */;
			buildPhases = (
				2BF923BE1D8C39F6007DF5D9 /* Sources */,
				2BF923BF1D8C39F6007DF5D9 /* Frameworks */,
				2BF923C01D8C39F6007DF5D9 /* Resources */,
			);
			buildRules = (
			);
			dependencies = (
			);
			name = iWoc;
			productName = iWoc;
			productReference = 2BF923C21D8C39F6007DF5D9 /* iWoc.app */;
			productType = "com.apple.product-type.application";
		};
		2BF923D71D8C39F6007DF5D9 /* iWocTests */ = {
			isa = PBXNativeTarget;
			buildConfigurationList = 2BF923EF1D8C39F6007DF5D9 /* Build configuration list for PBXNativeTarget "iWocTests" */;
			buildPhases = (
				2BF923D41D8C39F6007DF5D9 /* Sources */,
				2BF923D51D8C39F6007DF5D9 /* Frameworks */,
				2BF923D61D8C39F6007DF5D9 /* Resources */,
			);
			buildRules = (
			);
			dependencies = (
				2BF923DA1D8C39F6007DF5D9 /* PBXTargetDependency */,
			);
			name = iWocTests;
			productName = iWocTests;
			productReference = 2BF923D81D8C39F6007DF5D9 /* iWocTests.xctest */;
			productType = "com.apple.product-type.bundle.unit-test";
		};
		2BF923E21D8C39F6007DF5D9 /* iWocUITests */ = {
			isa = PBXNativeTarget;
			buildConfigurationList = 2BF923F21D8C39F6007DF5D9 /* Build configuration list for PBXNativeTarget "iWocUITests" */;
			buildPhases = (
				2BF923DF1D8C39F6007DF5D9 /* Sources */,
				2BF923E01D8C39F6007DF5D9 /* Frameworks */,
				2BF923E11D8C39F6007DF5D9 /* Resources */,
			);
			buildRules = (
			);
			dependencies = (
				2BF923E51D8C39F6007DF5D9 /* PBXTargetDependency */,
			);
			name = iWocUITests;
			productName = iWocUITests;
			productReference = 2BF923E31D8C39F6007DF5D9 /* iWocUITests.xctest */;
			productType = "com.apple.product-type.bundle.ui-testing";
		};
/* End PBXNativeTarget section */

/* Begin PBXProject section */
		2BF923BA1D8C39F6007DF5D9 /* Project object */ = {
			isa = PBXProject;
			attributes = {
				LastSwiftUpdateCheck = 0800;
				LastUpgradeCheck = 0800;
				ORGANIZATIONNAME = zheref;
				TargetAttributes = {
					2BF923C11D8C39F6007DF5D9 = {
						CreatedOnToolsVersion = 8.0;
						DevelopmentTeam = AQUE4FE98B;
						ProvisioningStyle = Automatic;
					};
					2BF923D71D8C39F6007DF5D9 = {
						CreatedOnToolsVersion = 8.0;
						DevelopmentTeam = AQUE4FE98B;
						ProvisioningStyle = Automatic;
						TestTargetID = 2BF923C11D8C39F6007DF5D9;
					};
					2BF923E21D8C39F6007DF5D9 = {
						CreatedOnToolsVersion = 8.0;
						DevelopmentTeam = AQUE4FE98B;
						ProvisioningStyle = Automatic;
						TestTargetID = 2BF923C11D8C39F6007DF5D9;
					};
				};
			};
			buildConfigurationList = 2BF923BD1D8C39F6007DF5D9 /* Build configuration list for PBXProject "iWoc" */;
			compatibilityVersion = "Xcode 3.2";
			developmentRegion = English;
			hasScannedForEncodings = 0;
			knownRegions = (
				en,
				Base,
			);
			mainGroup = 2BF923B91D8C39F6007DF5D9;
			productRefGroup = 2BF923C31D8C39F6007DF5D9 /* Products */;
			projectDirPath = "";
			projectRoot = "";
			targets = (
				2BF923C11D8C39F6007DF5D9 /* iWoc */,
				2BF923D71D8C39F6007DF5D9 /* iWocTests */,
				2BF923E21D8C39F6007DF5D9 /* iWocUITests */,
			);
		};
/* End PBXProject section */

/* Begin PBXResourcesBuildPhase section */
		2BF923C01D8C39F6007DF5D9 /* Resources */ = {
			isa = PBXResourcesBuildPhase;
			buildActionMask = 2147483647;
			files = (
				2BF923D21D8C39F6007DF5D9 /* LaunchScreen.storyboard in Resources */,
				2BF923CF1D8C39F6007DF5D9 /* Assets.xcassets in Resources */,
				2BF923CD1D8C39F6007DF5D9 /* Main.storyboard in Resources */,
			);
			runOnlyForDeploymentPostprocessing = 0;
		};
		2BF923D61D8C39F6007DF5D9 /* Resources */ = {
			isa = PBXResourcesBuildPhase;
			buildActionMask = 2147483647;
			files = (
			);
			runOnlyForDeploymentPostprocessing = 0;
		};
		2BF923E11D8C39F6007DF5D9 /* Resources */ = {
			isa = PBXResourcesBuildPhase;
			buildActionMask = 2147483647;
			files = (
			);
			runOnlyForDeploymentPostprocessing = 0;
		};
/* End PBXResourcesBuildPhase section */

/* Begin PBXSourcesBuildPhase section */
		2BF923BE1D8C39F6007DF5D9 /* Sources */ = {
			isa = PBXSourcesBuildPhase;
			buildActionMask = 2147483647;
			files = (
				2BF923CA1D8C39F6007DF5D9 /* SecondViewController.swift in Sources */,
				2BF923C61D8C39F6007DF5D9 /* AppDelegate.swift in Sources */,
				2BF923C81D8C39F6007DF5D9 /* FirstViewController.swift in Sources */,
			);
			runOnlyForDeploymentPostprocessing = 0;
		};
		2BF923D41D8C39F6007DF5D9 /* Sources */ = {
			isa = PBXSourcesBuildPhase;
			buildActionMask = 2147483647;
			files = (
				2BF923DD1D8C39F6007DF5D9 /* iWocTests.swift in Sources */,
			);
			runOnlyForDeploymentPostprocessing = 0;
		};
		2BF923DF1D8C39F6007DF5D9 /* Sources */ = {
			isa = PBXSourcesBuildPhase;
			buildActionMask = 2147483647;
			files = (
				2BF923E81D8C39F6007DF5D9 /* iWocUITests.swift in Sources */,
			);
			runOnlyForDeploymentPostprocessing = 0;
		};
/* End PBXSourcesBuildPhase section */

/* Begin PBXTargetDependency section */
		2BF923DA1D8C39F6007DF5D9 /* PBXTargetDependency */ = {
			isa = PBXTargetDependency;
			target = 2BF923C11D8C39F6007DF5D9 /* iWoc */;
			targetProxy = 2BF923D91D8C39F6007DF5D9 /* PBXContainerItemProxy */;
		};
		2BF923E51D8C39F6007DF5D9 /* PBXTargetDependency */ = {
			isa = PBXTargetDependency;
			target = 2BF923C11D8C39F6007DF5D9 /* iWoc */;
			targetProxy = 2BF923E41D8C39F6007DF5D9 /* PBXContainerItemProxy */;
		};
/* End PBXTargetDependency section */

/* Begin PBXVariantGroup section */
		2BF923CB1D8C39F6007DF5D9 /* Main.storyboard */ = {
			isa = PBXVariantGroup;
			children = (
				2BF923CC1D8C39F6007DF5D9 /* Base */,
			);
			name = Main.storyboard;
			sourceTree = "<group>";
		};
		2BF923D01D8C39F6007DF5D9 /* LaunchScreen.storyboard */ = {
			isa = PBXVariantGroup;
			children = (
				2BF923D11D8C39F6007DF5D9 /* Base */,
			);
			name = LaunchScreen.storyboard;
			sourceTree = "<group>";
		};
/* End PBXVariantGroup section */

/* Begin XCBuildConfiguration section */
		2BF923EA1D8C39F6007DF5D9 /* Debug */ = {
			isa = XCBuildConfiguration;
			buildSettings = {
				ALWAYS_SEARCH_USER_PATHS = NO;
				CLANG_ANALYZER_NONNULL = YES;
				CLANG_CXX_LANGUAGE_STANDARD = "gnu++0x";
				CLANG_CXX_LIBRARY = "libc++";
				CLANG_ENABLE_MODULES = YES;
				CLANG_ENABLE_OBJC_ARC = YES;
				CLANG_WARN_BOOL_CONVERSION = YES;
				CLANG_WARN_CONSTANT_CONVERSION = YES;
				CLANG_WARN_DIRECT_OBJC_ISA_USAGE = YES_ERROR;
				CLANG_WARN_DOCUMENTATION_COMMENTS = YES;
				CLANG_WARN_EMPTY_BODY = YES;
				CLANG_WARN_ENUM_CONVERSION = YES;
				CLANG_WARN_INFINITE_RECURSION = YES;
				CLANG_WARN_INT_CONVERSION = YES;
				CLANG_WARN_OBJC_ROOT_CLASS = YES_ERROR;
				CLANG_WARN_SUSPICIOUS_MOVES = YES;
				CLANG_WARN_UNREACHABLE_CODE = YES;
				CLANG_WARN__DUPLICATE_METHOD_MATCH = YES;
				"CODE_SIGN_IDENTITY[sdk=iphoneos*]" = "iPhone Developer";
				COPY_PHASE_STRIP = NO;
				DEBUG_INFORMATION_FORMAT = dwarf;
				ENABLE_STRICT_OBJC_MSGSEND = YES;
				ENABLE_TESTABILITY = YES;
				GCC_C_LANGUAGE_STANDARD = gnu99;
				GCC_DYNAMIC_NO_PIC = NO;
				GCC_NO_COMMON_BLOCKS = YES;
				GCC_OPTIMIZATION_LEVEL = 0;
				GCC_PREPROCESSOR_DEFINITIONS = (
					"DEBUG=1",
					"$(inherited)",
				);
				GCC_WARN_64_TO_32_BIT_CONVERSION = YES;
				GCC_WARN_ABOUT_RETURN_TYPE = YES_ERROR;
				GCC_WARN_UNDECLARED_SELECTOR = YES;
				GCC_WARN_UNINITIALIZED_AUTOS = YES_AGGRESSIVE;
				GCC_WARN_UNUSED_FUNCTION = YES;
				GCC_WARN_UNUSED_VARIABLE = YES;
				IPHONEOS_DEPLOYMENT_TARGET = 10.0;
				MTL_ENABLE_DEBUG_INFO = YES;
				ONLY_ACTIVE_ARCH = YES;
				SDKROOT = iphoneos;
				SWIFT_ACTIVE_COMPILATION_CONDITIONS = DEBUG;
				SWIFT_OPTIMIZATION_LEVEL = "-Onone";
				TARGETED_DEVICE_FAMILY = "1,2";
			};
			name = Debug;
		};
		2BF923EB1D8C39F6007DF5D9 /* Release */ = {
			isa = XCBuildConfiguration;
			buildSettings = {
				ALWAYS_SEARCH_USER_PATHS = NO;
				CLANG_ANALYZER_NONNULL = YES;
				CLANG_CXX_LANGUAGE_STANDARD = "gnu++0x";
				CLANG_CXX_LIBRARY = "libc++";
				CLANG_ENABLE_MODULES = YES;
				CLANG_ENABLE_OBJC_ARC = YES;
				CLANG_WARN_BOOL_CONVERSION = YES;
				CLANG_WARN_CONSTANT_CONVERSION = YES;
				CLANG_WARN_DIRECT_OBJC_ISA_USAGE = YES_ERROR;
				CLANG_WARN_DOCUMENTATION_COMMENTS = YES;
				CLANG_WARN_EMPTY_BODY = YES;
				CLANG_WARN_ENUM_CONVERSION = YES;
				CLANG_WARN_INFINITE_RECURSION = YES;
				CLANG_WARN_INT_CONVERSION = YES;
				CLANG_WARN_OBJC_ROOT_CLASS = YES_ERROR;
				CLANG_WARN_SUSPICIOUS_MOVES = YES;
				CLANG_WARN_UNREACHABLE_CODE = YES;
				CLANG_WARN__DUPLICATE_METHOD_MATCH = YES;
				"CODE_SIGN_IDENTITY[sdk=iphoneos*]" = "iPhone Developer";
				COPY_PHASE_STRIP = NO;
				DEBUG_INFORMATION_FORMAT = "dwarf-with-dsym";
				ENABLE_NS_ASSERTIONS = NO;
				ENABLE_STRICT_OBJC_MSGSEND = YES;
				GCC_C_LANGUAGE_STANDARD = gnu99;
				GCC_NO_COMMON_BLOCKS = YES;
				GCC_WARN_64_TO_32_BIT_CONVERSION = YES;
				GCC_WARN_ABOUT_RETURN_TYPE = YES_ERROR;
				GCC_WARN_UNDECLARED_SELECTOR = YES;
				GCC_WARN_UNINITIALIZED_AUTOS = YES_AGGRESSIVE;
				GCC_WARN_UNUSED_FUNCTION = YES;
				GCC_WARN_UNUSED_VARIABLE = YES;
				IPHONEOS_DEPLOYMENT_TARGET = 10.0;
				MTL_ENABLE_DEBUG_INFO = NO;
				SDKROOT = iphoneos;
				SWIFT_OPTIMIZATION_LEVEL = "-Owholemodule";
				TARGETED_DEVICE_FAMILY = "1,2";
				VALIDATE_PRODUCT = YES;
			};
			name = Release;
		};
		2BF923ED1D8C39F6007DF5D9 /* Debug */ = {
			isa = XCBuildConfiguration;
			buildSettings = {
				ASSETCATALOG_COMPILER_APPICON_NAME = AppIcon;
				DEVELOPMENT_TEAM = AQUE4FE98B;
				INFOPLIST_FILE = iWoc/Info.plist;
				LD_RUNPATH_SEARCH_PATHS = "$(inherited) @executable_path/Frameworks";
				PRODUCT_BUNDLE_IDENTIFIER = io.zheref.iWoc;
				PRODUCT_NAME = "$(TARGET_NAME)";
				SWIFT_VERSION = 3.0;
			};
			name = Debug;
		};
		2BF923EE1D8C39F6007DF5D9 /* Release */ = {
			isa = XCBuildConfiguration;
			buildSettings = {
				ASSETCATALOG_COMPILER_APPICON_NAME = AppIcon;
				DEVELOPMENT_TEAM = AQUE4FE98B;
				INFOPLIST_FILE = iWoc/Info.plist;
				LD_RUNPATH_SEARCH_PATHS = "$(inherited) @executable_path/Frameworks";
				PRODUCT_BUNDLE_IDENTIFIER = io.zheref.iWoc;
				PRODUCT_NAME = "$(TARGET_NAME)";
				SWIFT_VERSION = 3.0;
			};
			name = Release;
		};
		2BF923F01D8C39F6007DF5D9 /* Debug */ = {
			isa = XCBuildConfiguration;
			buildSettings = {
				ALWAYS_EMBED_SWIFT_STANDARD_LIBRARIES = YES;
				BUNDLE_LOADER = "$(TEST_HOST)";
				DEVELOPMENT_TEAM = AQUE4FE98B;
				INFOPLIST_FILE = iWocTests/Info.plist;
				LD_RUNPATH_SEARCH_PATHS = "$(inherited) @executable_path/Frameworks @loader_path/Frameworks";
				PRODUCT_BUNDLE_IDENTIFIER = io.zheref.iWocTests;
				PRODUCT_NAME = "$(TARGET_NAME)";
				SWIFT_VERSION = 3.0;
				TEST_HOST = "$(BUILT_PRODUCTS_DIR)/iWoc.app/iWoc";
			};
			name = Debug;
		};
		2BF923F11D8C39F6007DF5D9 /* Release */ = {
			isa = XCBuildConfiguration;
			buildSettings = {
				ALWAYS_EMBED_SWIFT_STANDARD_LIBRARIES = YES;
				BUNDLE_LOADER = "$(TEST_HOST)";
				DEVELOPMENT_TEAM = AQUE4FE98B;
				INFOPLIST_FILE = iWocTests/Info.plist;
				LD_RUNPATH_SEARCH_PATHS = "$(inherited) @executable_path/Frameworks @loader_path/Frameworks";
				PRODUCT_BUNDLE_IDENTIFIER = io.zheref.iWocTests;
				PRODUCT_NAME = "$(TARGET_NAME)";
				SWIFT_VERSION = 3.0;
				TEST_HOST = "$(BUILT_PRODUCTS_DIR)/iWoc.app/iWoc";
			};
			name = Release;
		};
		2BF923F31D8C39F6007DF5D9 /* Debug */ = {
			isa = XCBuildConfiguration;
			buildSettings = {
				ALWAYS_EMBED_SWIFT_STANDARD_LIBRARIES = YES;
				DEVELOPMENT_TEAM = AQUE4FE98B;
				INFOPLIST_FILE = iWocUITests/Info.plist;
				LD_RUNPATH_SEARCH_PATHS = "$(inherited) @executable_path/Frameworks @loader_path/Frameworks";
				PRODUCT_BUNDLE_IDENTIFIER = io.zheref.iWocUITests;
				PRODUCT_NAME = "$(TARGET_NAME)";
				SWIFT_VERSION = 3.0;
				TEST_TARGET_NAME = iWoc;
			};
			name = Debug;
		};
		2BF923F41D8C39F6007DF5D9 /* Release */ = {
			isa = XCBuildConfiguration;
			buildSettings = {
				ALWAYS_EMBED_SWIFT_STANDARD_LIBRARIES = YES;
				DEVELOPMENT_TEAM = AQUE4FE98B;
				INFOPLIST_FILE = iWocUITests/Info.plist;
				LD_RUNPATH_SEARCH_PATHS = "$(inherited) @executable_path/Frameworks @loader_path/Frameworks";
				PRODUCT_BUNDLE_IDENTIFIER = io.zheref.iWocUITests;
				PRODUCT_NAME = "$(TARGET_NAME)";
				SWIFT_VERSION = 3.0;
				TEST_TARGET_NAME = iWoc;
			};
			name = Release;
		};
/* End XCBuildConfiguration section */

/* Begin XCConfigurationList section */
		2BF923BD1D8C39F6007DF5D9 /* Build configuration list for PBXProject "iWoc" */ = {
			isa = XCConfigurationList;
			buildConfigurations = (
				2BF923EA1D8C39F6007DF5D9 /* Debug */,
				2BF923EB1D8C39F6007DF5D9 /* Release */,
			);
			defaultConfigurationIsVisible = 0;
			defaultConfigurationName = Release;
		};
		2BF923EC1D8C39F6007DF5D9 /* Build configuration list for PBXNativeTarget "iWoc" */ = {
			isa = XCConfigurationList;
			buildConfigurations = (
				2BF923ED1D8C39F6007DF5D9 /* Debug */,
				2BF923EE1D8C39F6007DF5D9 /* Release */,
			);
			defaultConfigurationIsVisible = 0;
		};
		2BF923EF1D8C39F6007DF5D9 /* Build configuration list for PBXNativeTarget "iWocTests" */ = {
			isa = XCConfigurationList;
			buildConfigurations = (
				2BF923F01D8C39F6007DF5D9 /* Debug */,
				2BF923F11D8C39F6007DF5D9 /* Release */,
			);
			defaultConfigurationIsVisible = 0;
		};
		2BF923F21D8C39F6007DF5D9 /* Build configuration list for PBXNativeTarget "iWocUITests" */ = {
			isa = XCConfigurationList;
			buildConfigurations = (
				2BF923F31D8C39F6007DF5D9 /* Debug */,
				2BF923F41D8C39F6007DF5D9 /* Release */,
			);
			defaultConfigurationIsVisible = 0;
		};
/* End XCConfigurationList section */
	};
	rootObject = 2BF923BA1D8C39F6007DF5D9 /* Project object */;
}
